
Microsoft Visual Studio Solution File, Format Version 12.00
# Visual Studio Version 16
VisualStudioVersion = 16.0.31515.178
MinimumVisualStudioVersion = 10.0.40219.1
Project("{FAE04EC0-301F-11D3-BF4B-00C04F79EFBC}") = "ElevatorUI", "ElevatorUI\ElevatorUI.csproj", "{2E1E1AE6-D734-452D-9937-14DDB9CF0663}"
EndProject
Global
	GlobalSection(SolutionConfigurationPlatforms) = preSolution
		Debug|Any CPU = Debug|Any CPU
		Release|Any CPU = Release|Any CPU
	EndGlobalSection
	GlobalSection(ProjectConfigurationPlatforms) = postSolution
		{2E1E1AE6-D734-452D-9937-14DDB9CF0663}.Debug|Any CPU.ActiveCfg = Debug|Any CPU
		{2E1E1AE6-D734-452D-9937-14DDB9CF0663}.Debug|Any CPU.Build.0 = Debug|Any CPU
		{2E1E1AE6-D734-452D-9937-14DDB9CF0663}.Release|Any CPU.ActiveCfg = Release|Any CPU
		{2E1E1AE6-D734-452D-9937-14DDB9CF0663}.Release|Any CPU.Build.0 = Release|Any CPU
	EndGlobalSection
	GlobalSection(SolutionProperties) = preSolution
		HideSolutionNode = FALSE
	EndGlobalSection
	GlobalSection(ExtensibilityGlobals) = postSolution
		SolutionGuid = {76DDA229-0559-4A80-9C34-D8B07ADCD59F}
	EndGlobalSection
EndGlobal
